// !$*UTF8*$!
{
	archiveVersion = 1;
	classes = {
	};
	objectVersion = 51;
	objects = {

/* Begin PBXBuildFile section */
		9AB4456325770FD400706295 /* TrainingHomeScreen.swift in Sources */ = {isa = PBXBuildFile; fileRef = 9AB4456225770FD400706295 /* TrainingHomeScreen.swift */; };
		9AE2323B2577014000045286 /* AppDelegate.swift in Sources */ = {isa = PBXBuildFile; fileRef = 9AE2323A2577014000045286 /* AppDelegate.swift */; };
		9AE2323D2577014000045286 /* SceneDelegate.swift in Sources */ = {isa = PBXBuildFile; fileRef = 9AE2323C2577014000045286 /* SceneDelegate.swift */; };
		9AE2323F2577014000045286 /* ViewController.swift in Sources */ = {isa = PBXBuildFile; fileRef = 9AE2323E2577014000045286 /* ViewController.swift */; };
		9AE232422577014000045286 /* Main.storyboard in Resources */ = {isa = PBXBuildFile; fileRef = 9AE232402577014000045286 /* Main.storyboard */; };
		9AE232442577014500045286 /* Assets.xcassets in Resources */ = {isa = PBXBuildFile; fileRef = 9AE232432577014500045286 /* Assets.xcassets */; };
		9AE232472577014500045286 /* LaunchScreen.storyboard in Resources */ = {isa = PBXBuildFile; fileRef = 9AE232452577014500045286 /* LaunchScreen.storyboard */; };
		9AE232502577017500045286 /* GoogleService-Info.plist in Resources */ = {isa = PBXBuildFile; fileRef = 9AE2324F2577017500045286 /* GoogleService-Info.plist */; };
		9D818534A0798EE8C16AD3CF /* Pods_ASUTrainingLog.framework in Frameworks */ = {isa = PBXBuildFile; fileRef = E25101C2673F74E02F78EEFB /* Pods_ASUTrainingLog.framework */; };
/* End PBXBuildFile section */

/* Begin PBXFileReference section */
		635963CD002AF054EA4C40E5 /* Pods-ASUTrainingLog.release.xcconfig */ = {isa = PBXFileReference; includeInIndex = 1; lastKnownFileType = text.xcconfig; name = "Pods-ASUTrainingLog.release.xcconfig"; path = "Target Support Files/Pods-ASUTrainingLog/Pods-ASUTrainingLog.release.xcconfig"; sourceTree = "<group>"; };
		9AB4456225770FD400706295 /* TrainingHomeScreen.swift */ = {isa = PBXFileReference; lastKnownFileType = sourcecode.swift; path = TrainingHomeScreen.swift; sourceTree = "<group>"; };
		9AE232372577014000045286 /* ASUTrainingLog.app */ = {isa = PBXFileReference; explicitFileType = wrapper.application; includeInIndex = 0; path = ASUTrainingLog.app; sourceTree = BUILT_PRODUCTS_DIR; };
		9AE2323A2577014000045286 /* AppDelegate.swift */ = {isa = PBXFileReference; lastKnownFileType = sourcecode.swift; path = AppDelegate.swift; sourceTree = "<group>"; };
		9AE2323C2577014000045286 /* SceneDelegate.swift */ = {isa = PBXFileReference; lastKnownFileType = sourcecode.swift; path = SceneDelegate.swift; sourceTree = "<group>"; };
		9AE2323E2577014000045286 /* ViewController.swift */ = {isa = PBXFileReference; lastKnownFileType = sourcecode.swift; path = ViewController.swift; sourceTree = "<group>"; };
		9AE232412577014000045286 /* Base */ = {isa = PBXFileReference; lastKnownFileType = file.storyboard; name = Base; path = Base.lproj/Main.storyboard; sourceTree = "<group>"; };
		9AE232432577014500045286 /* Assets.xcassets */ = {isa = PBXFileReference; lastKnownFileType = folder.assetcatalog; path = Assets.xcassets; sourceTree = "<group>"; };
		9AE232462577014500045286 /* Base */ = {isa = PBXFileReference; lastKnownFileType = file.storyboard; name = Base; path = Base.lproj/LaunchScreen.storyboard; sourceTree = "<group>"; };
		9AE232482577014500045286 /* Info.plist */ = {isa = PBXFileReference; lastKnownFileType = text.plist.xml; path = Info.plist; sourceTree = "<group>"; };
		9AE2324F2577017500045286 /* GoogleService-Info.plist */ = {isa = PBXFileReference; fileEncoding = 4; lastKnownFileType = text.plist.xml; path = "GoogleService-Info.plist"; sourceTree = "<group>"; };
		A26AFFFBCA8563A6AC0D4E43 /* Pods-ASUTrainingLog.debug.xcconfig */ = {isa = PBXFileReference; includeInIndex = 1; lastKnownFileType = text.xcconfig; name = "Pods-ASUTrainingLog.debug.xcconfig"; path = "Target Support Files/Pods-ASUTrainingLog/Pods-ASUTrainingLog.debug.xcconfig"; sourceTree = "<group>"; };
		E25101C2673F74E02F78EEFB /* Pods_ASUTrainingLog.framework */ = {isa = PBXFileReference; explicitFileType = wrapper.framework; includeInIndex = 0; path = Pods_ASUTrainingLog.framework; sourceTree = BUILT_PRODUCTS_DIR; };
/* End PBXFileReference section */

/* Begin PBXFrameworksBuildPhase section */
		9AE232342577014000045286 /* Frameworks */ = {
			isa = PBXFrameworksBuildPhase;
			buildActionMask = 2147483647;
			files = (
				9D818534A0798EE8C16AD3CF /* Pods_ASUTrainingLog.framework in Frameworks */,
			);
			runOnlyForDeploymentPostprocessing = 0;
		};
/* End PBXFrameworksBuildPhase section */

/* Begin PBXGroup section */
		9AE2322E2577014000045286 = {
			isa = PBXGroup;
			children = (
				9AE232392577014000045286 /* ASUTrainingLog */,
				9AE232382577014000045286 /* Products */,
				E5026F3F79ED3505F32F32C8 /* Pods */,
				DB397588E1B73B0FB868481A /* Frameworks */,
			);
			sourceTree = "<group>";
		};
		9AE232382577014000045286 /* Products */ = {
			isa = PBXGroup;
			children = (
				9AE232372577014000045286 /* ASUTrainingLog.app */,
			);
			name = Products;
			sourceTree = "<group>";
		};
		9AE232392577014000045286 /* ASUTrainingLog */ = {
			isa = PBXGroup;
			children = (
				9AE2323A2577014000045286 /* AppDelegate.swift */,
				9AE2323C2577014000045286 /* SceneDelegate.swift */,
				9AE2323E2577014000045286 /* ViewController.swift */,
				9AE232402577014000045286 /* Main.storyboard */,
				9AE232432577014500045286 /* Assets.xcassets */,
				9AE232452577014500045286 /* LaunchScreen.storyboard */,
				9AE232482577014500045286 /* Info.plist */,
				9AE2324F2577017500045286 /* GoogleService-Info.plist */,
				9AB4456225770FD400706295 /* TrainingHomeScreen.swift */,
			);
			path = ASUTrainingLog;
			sourceTree = "<group>";
		};
		DB397588E1B73B0FB868481A /* Frameworks */ = {
			isa = PBXGroup;
			children = (
				E25101C2673F74E02F78EEFB /* Pods_ASUTrainingLog.framework */,
			);
			name = Frameworks;
			sourceTree = "<group>";
		};
		E5026F3F79ED3505F32F32C8 /* Pods */ = {
			isa = PBXGroup;
			children = (
				A26AFFFBCA8563A6AC0D4E43 /* Pods-ASUTrainingLog.debug.xcconfig */,
				635963CD002AF054EA4C40E5 /* Pods-ASUTrainingLog.release.xcconfig */,
			);
			path = Pods;
			sourceTree = "<group>";
		};
/* End PBXGroup section */

/* Begin PBXNativeTarget section */
		9AE232362577014000045286 /* ASUTrainingLog */ = {
			isa = PBXNativeTarget;
			buildConfigurationList = 9AE2324B2577014500045286 /* Build configuration list for PBXNativeTarget "ASUTrainingLog" */;
			buildPhases = (
				1300ADA394508CCA76CE2630 /* [CP] Check Pods Manifest.lock */,
				9AE232332577014000045286 /* Sources */,
				9AE232342577014000045286 /* Frameworks */,
				9AE232352577014000045286 /* Resources */,
				F5BEEABA9613C41257838B57 /* [CP] Embed Pods Frameworks */,
			);
			buildRules = (
			);
			dependencies = (
			);
			name = ASUTrainingLog;
			productName = ASUTrainingLog;
			productReference = 9AE232372577014000045286 /* ASUTrainingLog.app */;
			productType = "com.apple.product-type.application";
		};
/* End PBXNativeTarget section */

/* Begin PBXProject section */
		9AE2322F2577014000045286 /* Project object */ = {
			isa = PBXProject;
			attributes = {
				LastSwiftUpdateCheck = 1200;
				LastUpgradeCheck = 1200;
				TargetAttributes = {
					9AE232362577014000045286 = {
						CreatedOnToolsVersion = 12.0.1;
					};
				};
			};
			buildConfigurationList = 9AE232322577014000045286 /* Build configuration list for PBXProject "ASUTrainingLog" */;
			compatibilityVersion = "Xcode 9.3";
			developmentRegion = en;
			hasScannedForEncodings = 0;
			knownRegions = (
				en,
				Base,
			);
			mainGroup = 9AE2322E2577014000045286;
			productRefGroup = 9AE232382577014000045286 /* Products */;
			projectDirPath = "";
			projectRoot = "";
			targets = (
				9AE232362577014000045286 /* ASUTrainingLog */,
			);
		};
/* End PBXProject section */

/* Begin PBXResourcesBuildPhase section */
		9AE232352577014000045286 /* Resources */ = {
			isa = PBXResourcesBuildPhase;
			buildActionMask = 2147483647;
			files = (
				9AE232472577014500045286 /* LaunchScreen.storyboard in Resources */,
				9AE232502577017500045286 /* GoogleService-Info.plist in Resources */,
				9AE232442577014500045286 /* Assets.xcassets in Resources */,
				9AE232422577014000045286 /* Main.storyboard in Resources */,
			);
			runOnlyForDeploymentPostprocessing = 0;
		};
/* End PBXResourcesBuildPhase section */

/* Begin PBXShellScriptBuildPhase section */
		1300ADA394508CCA76CE2630 /* [CP] Check Pods Manifest.lock */ = {
			isa = PBXShellScriptBuildPhase;
			buildActionMask = 2147483647;
			files = (
			);
			inputFileListPaths = (
			);
			inputPaths = (
				"${PODS_PODFILE_DIR_PATH}/Podfile.lock",
				"${PODS_ROOT}/Manifest.lock",
			);
			name = "[CP] Check Pods Manifest.lock";
			outputFileListPaths = (
			);
			outputPaths = (
				"$(DERIVED_FILE_DIR)/Pods-ASUTrainingLog-checkManifestLockResult.txt",
			);
			runOnlyForDeploymentPostprocessing = 0;
			shellPath = /bin/sh;
			shellScript = "diff \"${PODS_PODFILE_DIR_PATH}/Podfile.lock\" \"${PODS_ROOT}/Manifest.lock\" > /dev/null\nif [ $? != 0 ] ; then\n    # print error to STDERR\n    echo \"error: The sandbox is not in sync with the Podfile.lock. Run 'pod install' or update your CocoaPods installation.\" >&2\n    exit 1\nfi\n# This output is used by Xcode 'outputs' to avoid re-running this script phase.\necho \"SUCCESS\" > \"${SCRIPT_OUTPUT_FILE_0}\"\n";
			showEnvVarsInLog = 0;
		};
		F5BEEABA9613C41257838B57 /* [CP] Embed Pods Frameworks */ = {
			isa = PBXShellScriptBuildPhase;
			buildActionMask = 2147483647;
			files = (
			);
			inputFileListPaths = (
				"${PODS_ROOT}/Target Support Files/Pods-ASUTrainingLog/Pods-ASUTrainingLog-frameworks-${CONFIGURATION}-input-files.xcfilelist",
			);
			name = "[CP] Embed Pods Frameworks";
			outputFileListPaths = (
				"${PODS_ROOT}/Target Support Files/Pods-ASUTrainingLog/Pods-ASUTrainingLog-frameworks-${CONFIGURATION}-output-files.xcfilelist",
			);
			runOnlyForDeploymentPostprocessing = 0;
			shellPath = /bin/sh;
			shellScript = "\"${PODS_ROOT}/Target Support Files/Pods-ASUTrainingLog/Pods-ASUTrainingLog-frameworks.sh\"\n";
			showEnvVarsInLog = 0;
		};
/* End PBXShellScriptBuildPhase section */

/* Begin PBXSourcesBuildPhase section */
		9AE232332577014000045286 /* Sources */ = {
			isa = PBXSourcesBuildPhase;
			buildActionMask = 2147483647;
			files = (
				9AB4456325770FD400706295 /* TrainingHomeScreen.swift in Sources */,
				9AE2323F2577014000045286 /* ViewController.swift in Sources */,
				9AE2323B2577014000045286 /* AppDelegate.swift in Sources */,
				9AE2323D2577014000045286 /* SceneDelegate.swift in Sources */,
			);
			runOnlyForDeploymentPostprocessing = 0;
		};
/* End PBXSourcesBuildPhase section */

/* Begin PBXVariantGroup section */
		9AE232402577014000045286 /* Main.storyboard */ = {
			isa = PBXVariantGroup;
			children = (
				9AE232412577014000045286 /* Base */,
			);
			name = Main.storyboard;
			sourceTree = "<group>";
		};
		9AE232452577014500045286 /* LaunchScreen.storyboard */ = {
			isa = PBXVariantGroup;
			children = (
				9AE232462577014500045286 /* Base */,
			);
			name = LaunchScreen.storyboard;
			sourceTree = "<group>";
		};
/* End PBXVariantGroup section */

/* Begin XCBuildConfiguration section */
		9AE232492577014500045286 /* Debug */ = {
			isa = XCBuildConfiguration;
			buildSettings = {
				ALWAYS_SEARCH_USER_PATHS = NO;
				CLANG_ANALYZER_NONNULL = YES;
				CLANG_ANALYZER_NUMBER_OBJECT_CONVERSION = YES_AGGRESSIVE;
				CLANG_CXX_LANGUAGE_STANDARD = "gnu++14";
				CLANG_CXX_LIBRARY = "libc++";
				CLANG_ENABLE_MODULES = YES;
				CLANG_ENABLE_OBJC_ARC = YES;
				CLANG_ENABLE_OBJC_WEAK = YES;
				CLANG_WARN_BLOCK_CAPTURE_AUTORELEASING = YES;
				CLANG_WARN_BOOL_CONVERSION = YES;
				CLANG_WARN_COMMA = YES;
				CLANG_WARN_CONSTANT_CONVERSION = YES;
				CLANG_WARN_DEPRECATED_OBJC_IMPLEMENTATIONS = YES;
				CLANG_WARN_DIRECT_OBJC_ISA_USAGE = YES_ERROR;
				CLANG_WARN_DOCUMENTATION_COMMENTS = YES;
				CLANG_WARN_EMPTY_BODY = YES;
				CLANG_WARN_ENUM_CONVERSION = YES;
				CLANG_WARN_INFINITE_RECURSION = YES;
				CLANG_WARN_INT_CONVERSION = YES;
				CLANG_WARN_NON_LITERAL_NULL_CONVERSION = YES;
				CLANG_WARN_OBJC_IMPLICIT_RETAIN_SELF = YES;
				CLANG_WARN_OBJC_LITERAL_CONVERSION = YES;
				CLANG_WARN_OBJC_ROOT_CLASS = YES_ERROR;
				CLANG_WARN_QUOTED_INCLUDE_IN_FRAMEWORK_HEADER = YES;
				CLANG_WARN_RANGE_LOOP_ANALYSIS = YES;
				CLANG_WARN_STRICT_PROTOTYPES = YES;
				CLANG_WARN_SUSPICIOUS_MOVE = YES;
				CLANG_WARN_UNGUARDED_AVAILABILITY = YES_AGGRESSIVE;
				CLANG_WARN_UNREACHABLE_CODE = YES;
				CLANG_WARN__DUPLICATE_METHOD_MATCH = YES;
				COPY_PHASE_STRIP = NO;
				DEBUG_INFORMATION_FORMAT = dwarf;
				ENABLE_STRICT_OBJC_MSGSEND = YES;
				ENABLE_TESTABILITY = YES;
				GCC_C_LANGUAGE_STANDARD = gnu11;
				GCC_DYNAMIC_NO_PIC = NO;
				GCC_NO_COMMON_BLOCKS = YES;
				GCC_OPTIMIZATION_LEVEL = 0;
				GCC_PREPROCESSOR_DEFINITIONS = (
					"DEBUG=1",
					"$(inherited)",
				);
				GCC_WARN_64_TO_32_BIT_CONVERSION = YES;
				GCC_WARN_ABOUT_RETURN_TYPE = YES_ERROR;
				GCC_WARN_UNDECLARED_SELECTOR = YES;
				GCC_WARN_UNINITIALIZED_AUTOS = YES_AGGRESSIVE;
				GCC_WARN_UNUSED_FUNCTION = YES;
				GCC_WARN_UNUSED_VARIABLE = YES;
				IPHONEOS_DEPLOYMENT_TARGET = 14.0;
				MTL_ENABLE_DEBUG_INFO = INCLUDE_SOURCE;
				MTL_FAST_MATH = YES;
				ONLY_ACTIVE_ARCH = YES;
				SDKROOT = iphoneos;
				SWIFT_ACTIVE_COMPILATION_CONDITIONS = DEBUG;
				SWIFT_OPTIMIZATION_LEVEL = "-Onone";
			};
			name = Debug;
		};
		9AE2324A2577014500045286 /* Release */ = {
			isa = XCBuildConfiguration;
			buildSettings = {
				ALWAYS_SEARCH_USER_PATHS = NO;
				CLANG_ANALYZER_NONNULL = YES;
				CLANG_ANALYZER_NUMBER_OBJECT_CONVERSION = YES_AGGRESSIVE;
				CLANG_CXX_LANGUAGE_STANDARD = "gnu++14";
				CLANG_CXX_LIBRARY = "libc++";
				CLANG_ENABLE_MODULES = YES;
				CLANG_ENABLE_OBJC_ARC = YES;
				CLANG_ENABLE_OBJC_WEAK = YES;
				CLANG_WARN_BLOCK_CAPTURE_AUTORELEASING = YES;
				CLANG_WARN_BOOL_CONVERSION = YES;
				CLANG_WARN_COMMA = YES;
				CLANG_WARN_CONSTANT_CONVERSION = YES;
				CLANG_WARN_DEPRECATED_OBJC_IMPLEMENTATIONS = YES;
				CLANG_WARN_DIRECT_OBJC_ISA_USAGE = YES_ERROR;
				CLANG_WARN_DOCUMENTATION_COMMENTS = YES;
				CLANG_WARN_EMPTY_BODY = YES;
				CLANG_WARN_ENUM_CONVERSION = YES;
				CLANG_WARN_INFINITE_RECURSION = YES;
				CLANG_WARN_INT_CONVERSION = YES;
				CLANG_WARN_NON_LITERAL_NULL_CONVERSION = YES;
				CLANG_WARN_OBJC_IMPLICIT_RETAIN_SELF = YES;
				CLANG_WARN_OBJC_LITERAL_CONVERSION = YES;
				CLANG_WARN_OBJC_ROOT_CLASS = YES_ERROR;
				CLANG_WARN_QUOTED_INCLUDE_IN_FRAMEWORK_HEADER = YES;
				CLANG_WARN_RANGE_LOOP_ANALYSIS = YES;
				CLANG_WARN_STRICT_PROTOTYPES = YES;
				CLANG_WARN_SUSPICIOUS_MOVE = YES;
				CLANG_WARN_UNGUARDED_AVAILABILITY = YES_AGGRESSIVE;
				CLANG_WARN_UNREACHABLE_CODE = YES;
				CLANG_WARN__DUPLICATE_METHOD_MATCH = YES;
				COPY_PHASE_STRIP = NO;
				DEBUG_INFORMATION_FORMAT = "dwarf-with-dsym";
				ENABLE_NS_ASSERTIONS = NO;
				ENABLE_STRICT_OBJC_MSGSEND = YES;
				GCC_C_LANGUAGE_STANDARD = gnu11;
				GCC_NO_COMMON_BLOCKS = YES;
				GCC_WARN_64_TO_32_BIT_CONVERSION = YES;
				GCC_WARN_ABOUT_RETURN_TYPE = YES_ERROR;
				GCC_WARN_UNDECLARED_SELECTOR = YES;
				GCC_WARN_UNINITIALIZED_AUTOS = YES_AGGRESSIVE;
				GCC_WARN_UNUSED_FUNCTION = YES;
				GCC_WARN_UNUSED_VARIABLE = YES;
				IPHONEOS_DEPLOYMENT_TARGET = 14.0;
				MTL_ENABLE_DEBUG_INFO = NO;
				MTL_FAST_MATH = YES;
				SDKROOT = iphoneos;
				SWIFT_COMPILATION_MODE = wholemodule;
				SWIFT_OPTIMIZATION_LEVEL = "-O";
				VALIDATE_PRODUCT = YES;
			};
			name = Release;
		};
		9AE2324C2577014500045286 /* Debug */ = {
			isa = XCBuildConfiguration;
			baseConfigurationReference = A26AFFFBCA8563A6AC0D4E43 /* Pods-ASUTrainingLog.debug.xcconfig */;
			buildSettings = {
				ASSETCATALOG_COMPILER_APPICON_NAME = AppIcon;
				ASSETCATALOG_COMPILER_GLOBAL_ACCENT_COLOR_NAME = AccentColor;
				CODE_SIGN_STYLE = Automatic;
				DEVELOPMENT_TEAM = 32GNF43U3H;
				INFOPLIST_FILE = ASUTrainingLog/Info.plist;
				LD_RUNPATH_SEARCH_PATHS = (
					"$(inherited)",
					"@executable_path/Frameworks",
				);
				PRODUCT_BUNDLE_IDENTIFIER = com.Mason.Luke.ASUTrainingLog;
				PRODUCT_NAME = "$(TARGET_NAME)";
				SWIFT_VERSION = 5.0;
				TARGETED_DEVICE_FAMILY = "1,2";
			};
			name = Debug;
		};
		9AE2324D2577014500045286 /* Release */ = {
			isa = XCBuildConfiguration;
			baseConfigurationReference = 635963CD002AF054EA4C40E5 /* Pods-ASUTrainingLog.release.xcconfig */;
			buildSettings = {
				ASSETCATALOG_COMPILER_APPICON_NAME = AppIcon;
				ASSETCATALOG_COMPILER_GLOBAL_ACCENT_COLOR_NAME = AccentColor;
				CODE_SIGN_STYLE = Automatic;
				DEVELOPMENT_TEAM = 32GNF43U3H;
				INFOPLIST_FILE = ASUTrainingLog/Info.plist;
				LD_RUNPATH_SEARCH_PATHS = (
					"$(inherited)",
					"@executable_path/Frameworks",
				);
				PRODUCT_BUNDLE_IDENTIFIER = com.Mason.Luke.ASUTrainingLog;
				PRODUCT_NAME = "$(TARGET_NAME)";
				SWIFT_VERSION = 5.0;
				TARGETED_DEVICE_FAMILY = "1,2";
			};
			name = Release;
		};
/* End XCBuildConfiguration section */

/* Begin XCConfigurationList section */
		9AE232322577014000045286 /* Build configuration list for PBXProject "ASUTrainingLog" */ = {
			isa = XCConfigurationList;
			buildConfigurations = (
				9AE232492577014500045286 /* Debug */,
				9AE2324A2577014500045286 /* Release */,
			);
			defaultConfigurationIsVisible = 0;
			defaultConfigurationName = Release;
		};
		9AE2324B2577014500045286 /* Build configuration list for PBXNativeTarget "ASUTrainingLog" */ = {
			isa = XCConfigurationList;
			buildConfigurations = (
				9AE2324C2577014500045286 /* Debug */,
				9AE2324D2577014500045286 /* Release */,
			);
			defaultConfigurationIsVisible = 0;
			defaultConfigurationName = Release;
		};
/* End XCConfigurationList section */
	};
	rootObject = 9AE2322F2577014000045286 /* Project object */;
}
